
Microsoft Visual Studio Solution File, Format Version 12.00
# Visual Studio 14
VisualStudioVersion = 14.0.25420.1
MinimumVisualStudioVersion = 10.0.40219.1
Project("{FAE04EC0-301F-11D3-BF4B-00C04F79EFBC}") = "Multiply Lists", "Multiply Lists\Multiply Lists.csproj", "{7BF97CD9-AA17-4D01-B130-E1699C9608CF}"
EndProject
Global
	GlobalSection(SolutionConfigurationPlatforms) = preSolution
		Debug|Any CPU = Debug|Any CPU
		Release|Any CPU = Release|Any CPU
	EndGlobalSection
	GlobalSection(ProjectConfigurationPlatforms) = postSolution
		{7BF97CD9-AA17-4D01-B130-E1699C9608CF}.Debug|Any CPU.ActiveCfg = Debug|Any CPU
		{7BF97CD9-AA17-4D01-B130-E1699C9608CF}.Debug|Any CPU.Build.0 = Debug|Any CPU
		{7BF97CD9-AA17-4D01-B130-E1699C9608CF}.Release|Any CPU.ActiveCfg = Release|Any CPU
		{7BF97CD9-AA17-4D01-B130-E1699C9608CF}.Release|Any CPU.Build.0 = Release|Any CPU
	EndGlobalSection
	GlobalSection(SolutionProperties) = preSolution
		HideSolutionNode = FALSE
	EndGlobalSection
EndGlobal
